// !$*UTF8*$!
{
	archiveVersion = 1;
	classes = {
	};
	objectVersion = 46;
	objects = {

/* Begin PBXBuildFile section */
		1AD2FB7917DFE81400439D0D /* Cocoa.framework in Frameworks */ = {isa = PBXBuildFile; fileRef = 1AD2FB7817DFE81400439D0D /* Cocoa.framework */; };
		1AD2FB8317DFE81400439D0D /* InfoPlist.strings in Resources */ = {isa = PBXBuildFile; fileRef = 1AD2FB8117DFE81400439D0D /* InfoPlist.strings */; };
		1AD2FB8517DFE81400439D0D /* main.m in Sources */ = {isa = PBXBuildFile; fileRef = 1AD2FB8417DFE81400439D0D /* main.m */; };
		1AD2FB8917DFE81400439D0D /* Credits.rtf in Resources */ = {isa = PBXBuildFile; fileRef = 1AD2FB8717DFE81400439D0D /* Credits.rtf */; };
		1AD2FB8C17DFE81400439D0D /* SUPAppDelegate.m in Sources */ = {isa = PBXBuildFile; fileRef = 1AD2FB8B17DFE81400439D0D /* SUPAppDelegate.m */; };
		1AD2FB8F17DFE81400439D0D /* MainMenu.xib in Resources */ = {isa = PBXBuildFile; fileRef = 1AD2FB8D17DFE81400439D0D /* MainMenu.xib */; };
		1AD2FB9117DFE81400439D0D /* Images.xcassets in Resources */ = {isa = PBXBuildFile; fileRef = 1AD2FB9017DFE81400439D0D /* Images.xcassets */; };
		1AD2FB9817DFE81400439D0D /* XCTest.framework in Frameworks */ = {isa = PBXBuildFile; fileRef = 1AD2FB9717DFE81400439D0D /* XCTest.framework */; };
		1AD2FB9917DFE81400439D0D /* Cocoa.framework in Frameworks */ = {isa = PBXBuildFile; fileRef = 1AD2FB7817DFE81400439D0D /* Cocoa.framework */; };
		1AD2FBA117DFE81400439D0D /* InfoPlist.strings in Resources */ = {isa = PBXBuildFile; fileRef = 1AD2FB9F17DFE81400439D0D /* InfoPlist.strings */; };
		1AD2FBA317DFE81400439D0D /* ArchivedUIImageViewerTests.m in Sources */ = {isa = PBXBuildFile; fileRef = 1AD2FBA217DFE81400439D0D /* ArchivedUIImageViewerTests.m */; };
		1AD2FBAE17DFF1EB00439D0D /* SUPAppController.m in Sources */ = {isa = PBXBuildFile; fileRef = 1AD2FBAD17DFF1EB00439D0D /* SUPAppController.m */; };
		1AD2FBB117DFF23D00439D0D /* SUPArchivedUIImageView.m in Sources */ = {isa = PBXBuildFile; fileRef = 1AD2FBB017DFF23D00439D0D /* SUPArchivedUIImageView.m */; };
		1AD2FBB417DFF52E00439D0D /* UIImage.m in Sources */ = {isa = PBXBuildFile; fileRef = 1AD2FBB317DFF52E00439D0D /* UIImage.m */; };
/* End PBXBuildFile section */

/* Begin PBXContainerItemProxy section */
		1AD2FB9A17DFE81400439D0D /* PBXContainerItemProxy */ = {
			isa = PBXContainerItemProxy;
			containerPortal = 1AD2FB6D17DFE81400439D0D /* Project object */;
			proxyType = 1;
			remoteGlobalIDString = 1AD2FB7417DFE81400439D0D;
			remoteInfo = ArchivedUIImageViewer;
		};
/* End PBXContainerItemProxy section */

/* Begin PBXFileReference section */
		1AD2FB7517DFE81400439D0D /* ArchivedUIImageViewer.app */ = {isa = PBXFileReference; explicitFileType = wrapper.application; includeInIndex = 0; path = ArchivedUIImageViewer.app; sourceTree = BUILT_PRODUCTS_DIR; };
		1AD2FB7817DFE81400439D0D /* Cocoa.framework */ = {isa = PBXFileReference; lastKnownFileType = wrapper.framework; name = Cocoa.framework; path = System/Library/Frameworks/Cocoa.framework; sourceTree = SDKROOT; };
		1AD2FB7B17DFE81400439D0D /* AppKit.framework */ = {isa = PBXFileReference; lastKnownFileType = wrapper.framework; name = AppKit.framework; path = System/Library/Frameworks/AppKit.framework; sourceTree = SDKROOT; };
		1AD2FB7C17DFE81400439D0D /* CoreData.framework */ = {isa = PBXFileReference; lastKnownFileType = wrapper.framework; name = CoreData.framework; path = System/Library/Frameworks/CoreData.framework; sourceTree = SDKROOT; };
		1AD2FB7D17DFE81400439D0D /* Foundation.framework */ = {isa = PBXFileReference; lastKnownFileType = wrapper.framework; name = Foundation.framework; path = System/Library/Frameworks/Foundation.framework; sourceTree = SDKROOT; };
		1AD2FB8017DFE81400439D0D /* ArchivedUIImageViewer-Info.plist */ = {isa = PBXFileReference; lastKnownFileType = text.plist.xml; path = "ArchivedUIImageViewer-Info.plist"; sourceTree = "<group>"; };
		1AD2FB8217DFE81400439D0D /* en */ = {isa = PBXFileReference; lastKnownFileType = text.plist.strings; name = en; path = en.lproj/InfoPlist.strings; sourceTree = "<group>"; };
		1AD2FB8417DFE81400439D0D /* main.m */ = {isa = PBXFileReference; lastKnownFileType = sourcecode.c.objc; path = main.m; sourceTree = "<group>"; };
		1AD2FB8617DFE81400439D0D /* ArchivedUIImageViewer-Prefix.pch */ = {isa = PBXFileReference; lastKnownFileType = sourcecode.c.h; path = "ArchivedUIImageViewer-Prefix.pch"; sourceTree = "<group>"; };
		1AD2FB8817DFE81400439D0D /* en */ = {isa = PBXFileReference; lastKnownFileType = text.rtf; name = en; path = en.lproj/Credits.rtf; sourceTree = "<group>"; };
		1AD2FB8A17DFE81400439D0D /* SUPAppDelegate.h */ = {isa = PBXFileReference; lastKnownFileType = sourcecode.c.h; path = SUPAppDelegate.h; sourceTree = "<group>"; };
		1AD2FB8B17DFE81400439D0D /* SUPAppDelegate.m */ = {isa = PBXFileReference; lastKnownFileType = sourcecode.c.objc; path = SUPAppDelegate.m; sourceTree = "<group>"; };
		1AD2FB8E17DFE81400439D0D /* Base */ = {isa = PBXFileReference; lastKnownFileType = file.xib; name = Base; path = Base.lproj/MainMenu.xib; sourceTree = "<group>"; };
		1AD2FB9017DFE81400439D0D /* Images.xcassets */ = {isa = PBXFileReference; lastKnownFileType = folder.assetcatalog; path = Images.xcassets; sourceTree = "<group>"; };
		1AD2FB9617DFE81400439D0D /* ArchivedUIImageViewerTests.xctest */ = {isa = PBXFileReference; explicitFileType = wrapper.cfbundle; includeInIndex = 0; path = ArchivedUIImageViewerTests.xctest; sourceTree = BUILT_PRODUCTS_DIR; };
		1AD2FB9717DFE81400439D0D /* XCTest.framework */ = {isa = PBXFileReference; lastKnownFileType = wrapper.framework; name = XCTest.framework; path = Library/Frameworks/XCTest.framework; sourceTree = DEVELOPER_DIR; };
		1AD2FB9E17DFE81400439D0D /* ArchivedUIImageViewerTests-Info.plist */ = {isa = PBXFileReference; lastKnownFileType = text.plist.xml; path = "ArchivedUIImageViewerTests-Info.plist"; sourceTree = "<group>"; };
		1AD2FBA017DFE81400439D0D /* en */ = {isa = PBXFileReference; lastKnownFileType = text.plist.strings; name = en; path = en.lproj/InfoPlist.strings; sourceTree = "<group>"; };
		1AD2FBA217DFE81400439D0D /* ArchivedUIImageViewerTests.m */ = {isa = PBXFileReference; lastKnownFileType = sourcecode.c.objc; path = ArchivedUIImageViewerTests.m; sourceTree = "<group>"; };
		1AD2FBAC17DFF1EB00439D0D /* SUPAppController.h */ = {isa = PBXFileReference; fileEncoding = 4; lastKnownFileType = sourcecode.c.h; path = SUPAppController.h; sourceTree = "<group>"; };
		1AD2FBAD17DFF1EB00439D0D /* SUPAppController.m */ = {isa = PBXFileReference; fileEncoding = 4; lastKnownFileType = sourcecode.c.objc; path = SUPAppController.m; sourceTree = "<group>"; };
		1AD2FBAF17DFF23D00439D0D /* SUPArchivedUIImageView.h */ = {isa = PBXFileReference; fileEncoding = 4; lastKnownFileType = sourcecode.c.h; path = SUPArchivedUIImageView.h; sourceTree = "<group>"; };
		1AD2FBB017DFF23D00439D0D /* SUPArchivedUIImageView.m */ = {isa = PBXFileReference; fileEncoding = 4; lastKnownFileType = sourcecode.c.objc; path = SUPArchivedUIImageView.m; sourceTree = "<group>"; };
		1AD2FBB217DFF52E00439D0D /* UIImage.h */ = {isa = PBXFileReference; fileEncoding = 4; lastKnownFileType = sourcecode.c.h; path = UIImage.h; sourceTree = "<group>"; };
		1AD2FBB317DFF52E00439D0D /* UIImage.m */ = {isa = PBXFileReference; fileEncoding = 4; lastKnownFileType = sourcecode.c.objc; path = UIImage.m; sourceTree = "<group>"; };
/* End PBXFileReference section */

/* Begin PBXFrameworksBuildPhase section */
		1AD2FB7217DFE81400439D0D /* Frameworks */ = {
			isa = PBXFrameworksBuildPhase;
			buildActionMask = 2147483647;
			files = (
				1AD2FB7917DFE81400439D0D /* Cocoa.framework in Frameworks */,
			);
			runOnlyForDeploymentPostprocessing = 0;
		};
		1AD2FB9317DFE81400439D0D /* Frameworks */ = {
			isa = PBXFrameworksBuildPhase;
			buildActionMask = 2147483647;
			files = (
				1AD2FB9917DFE81400439D0D /* Cocoa.framework in Frameworks */,
				1AD2FB9817DFE81400439D0D /* XCTest.framework in Frameworks */,
			);
			runOnlyForDeploymentPostprocessing = 0;
		};
/* End PBXFrameworksBuildPhase section */

/* Begin PBXGroup section */
		1AD2FB6C17DFE81400439D0D = {
			isa = PBXGroup;
			children = (
				1AD2FB7E17DFE81400439D0D /* ArchivedUIImageViewer */,
				1AD2FB9C17DFE81400439D0D /* ArchivedUIImageViewerTests */,
				1AD2FB7717DFE81400439D0D /* Frameworks */,
				1AD2FB7617DFE81400439D0D /* Products */,
			);
			sourceTree = "<group>";
		};
		1AD2FB7617DFE81400439D0D /* Products */ = {
			isa = PBXGroup;
			children = (
				1AD2FB7517DFE81400439D0D /* ArchivedUIImageViewer.app */,
				1AD2FB9617DFE81400439D0D /* ArchivedUIImageViewerTests.xctest */,
			);
			name = Products;
			sourceTree = "<group>";
		};
		1AD2FB7717DFE81400439D0D /* Frameworks */ = {
			isa = PBXGroup;
			children = (
				1AD2FB7817DFE81400439D0D /* Cocoa.framework */,
				1AD2FB9717DFE81400439D0D /* XCTest.framework */,
				1AD2FB7A17DFE81400439D0D /* Other Frameworks */,
			);
			name = Frameworks;
			sourceTree = "<group>";
		};
		1AD2FB7A17DFE81400439D0D /* Other Frameworks */ = {
			isa = PBXGroup;
			children = (
				1AD2FB7B17DFE81400439D0D /* AppKit.framework */,
				1AD2FB7C17DFE81400439D0D /* CoreData.framework */,
				1AD2FB7D17DFE81400439D0D /* Foundation.framework */,
			);
			name = "Other Frameworks";
			sourceTree = "<group>";
		};
		1AD2FB7E17DFE81400439D0D /* ArchivedUIImageViewer */ = {
			isa = PBXGroup;
			children = (
				1AD2FB8A17DFE81400439D0D /* SUPAppDelegate.h */,
				1AD2FB8B17DFE81400439D0D /* SUPAppDelegate.m */,
				1AD2FB8D17DFE81400439D0D /* MainMenu.xib */,
				1AD2FB9017DFE81400439D0D /* Images.xcassets */,
				1AD2FB7F17DFE81400439D0D /* Supporting Files */,
				1AD2FBAC17DFF1EB00439D0D /* SUPAppController.h */,
				1AD2FBAD17DFF1EB00439D0D /* SUPAppController.m */,
				1AD2FBAF17DFF23D00439D0D /* SUPArchivedUIImageView.h */,
				1AD2FBB017DFF23D00439D0D /* SUPArchivedUIImageView.m */,
				1AD2FBB217DFF52E00439D0D /* UIImage.h */,
				1AD2FBB317DFF52E00439D0D /* UIImage.m */,
			);
			path = ArchivedUIImageViewer;
			sourceTree = "<group>";
		};
		1AD2FB7F17DFE81400439D0D /* Supporting Files */ = {
			isa = PBXGroup;
			children = (
				1AD2FB8017DFE81400439D0D /* ArchivedUIImageViewer-Info.plist */,
				1AD2FB8117DFE81400439D0D /* InfoPlist.strings */,
				1AD2FB8417DFE81400439D0D /* main.m */,
				1AD2FB8617DFE81400439D0D /* ArchivedUIImageViewer-Prefix.pch */,
				1AD2FB8717DFE81400439D0D /* Credits.rtf */,
			);
			name = "Supporting Files";
			sourceTree = "<group>";
		};
		1AD2FB9C17DFE81400439D0D /* ArchivedUIImageViewerTests */ = {
			isa = PBXGroup;
			children = (
				1AD2FBA217DFE81400439D0D /* ArchivedUIImageViewerTests.m */,
				1AD2FB9D17DFE81400439D0D /* Supporting Files */,
			);
			path = ArchivedUIImageViewerTests;
			sourceTree = "<group>";
		};
		1AD2FB9D17DFE81400439D0D /* Supporting Files */ = {
			isa = PBXGroup;
			children = (
				1AD2FB9E17DFE81400439D0D /* ArchivedUIImageViewerTests-Info.plist */,
				1AD2FB9F17DFE81400439D0D /* InfoPlist.strings */,
			);
			name = "Supporting Files";
			sourceTree = "<group>";
		};
/* End PBXGroup section */

/* Begin PBXNativeTarget section */
		1AD2FB7417DFE81400439D0D /* ArchivedUIImageViewer */ = {
			isa = PBXNativeTarget;
			buildConfigurationList = 1AD2FBA617DFE81400439D0D /* Build configuration list for PBXNativeTarget "ArchivedUIImageViewer" */;
			buildPhases = (
				1AD2FB7117DFE81400439D0D /* Sources */,
				1AD2FB7217DFE81400439D0D /* Frameworks */,
				1AD2FB7317DFE81400439D0D /* Resources */,
			);
			buildRules = (
			);
			dependencies = (
			);
			name = ArchivedUIImageViewer;
			productName = ArchivedUIImageViewer;
			productReference = 1AD2FB7517DFE81400439D0D /* ArchivedUIImageViewer.app */;
			productType = "com.apple.product-type.application";
		};
		1AD2FB9517DFE81400439D0D /* ArchivedUIImageViewerTests */ = {
			isa = PBXNativeTarget;
			buildConfigurationList = 1AD2FBA917DFE81400439D0D /* Build configuration list for PBXNativeTarget "ArchivedUIImageViewerTests" */;
			buildPhases = (
				1AD2FB9217DFE81400439D0D /* Sources */,
				1AD2FB9317DFE81400439D0D /* Frameworks */,
				1AD2FB9417DFE81400439D0D /* Resources */,
			);
			buildRules = (
			);
			dependencies = (
				1AD2FB9B17DFE81400439D0D /* PBXTargetDependency */,
			);
			name = ArchivedUIImageViewerTests;
			productName = ArchivedUIImageViewerTests;
			productReference = 1AD2FB9617DFE81400439D0D /* ArchivedUIImageViewerTests.xctest */;
			productType = "com.apple.product-type.bundle.unit-test";
		};
/* End PBXNativeTarget section */

/* Begin PBXProject section */
		1AD2FB6D17DFE81400439D0D /* Project object */ = {
			isa = PBXProject;
			attributes = {
				CLASSPREFIX = SUP;
				LastUpgradeCheck = 0500;
				ORGANIZATIONNAME = "Padraig Kennedy";
				TargetAttributes = {
					1AD2FB9517DFE81400439D0D = {
						TestTargetID = 1AD2FB7417DFE81400439D0D;
					};
				};
			};
			buildConfigurationList = 1AD2FB7017DFE81400439D0D /* Build configuration list for PBXProject "ArchivedUIImageViewer" */;
			compatibilityVersion = "Xcode 3.2";
			developmentRegion = English;
			hasScannedForEncodings = 0;
			knownRegions = (
				en,
				Base,
			);
			mainGroup = 1AD2FB6C17DFE81400439D0D;
			productRefGroup = 1AD2FB7617DFE81400439D0D /* Products */;
			projectDirPath = "";
			projectRoot = "";
			targets = (
				1AD2FB7417DFE81400439D0D /* ArchivedUIImageViewer */,
				1AD2FB9517DFE81400439D0D /* ArchivedUIImageViewerTests */,
			);
		};
/* End PBXProject section */

/* Begin PBXResourcesBuildPhase section */
		1AD2FB7317DFE81400439D0D /* Resources */ = {
			isa = PBXResourcesBuildPhase;
			buildActionMask = 2147483647;
			files = (
				1AD2FB8317DFE81400439D0D /* InfoPlist.strings in Resources */,
				1AD2FB9117DFE81400439D0D /* Images.xcassets in Resources */,
				1AD2FB8917DFE81400439D0D /* Credits.rtf in Resources */,
				1AD2FB8F17DFE81400439D0D /* MainMenu.xib in Resources */,
			);
			runOnlyForDeploymentPostprocessing = 0;
		};
		1AD2FB9417DFE81400439D0D /* Resources */ = {
			isa = PBXResourcesBuildPhase;
			buildActionMask = 2147483647;
			files = (
				1AD2FBA117DFE81400439D0D /* InfoPlist.strings in Resources */,
			);
			runOnlyForDeploymentPostprocessing = 0;
		};
/* End PBXResourcesBuildPhase section */

/* Begin PBXSourcesBuildPhase section */
		1AD2FB7117DFE81400439D0D /* Sources */ = {
			isa = PBXSourcesBuildPhase;
			buildActionMask = 2147483647;
			files = (
				1AD2FB8517DFE81400439D0D /* main.m in Sources */,
				1AD2FBB117DFF23D00439D0D /* SUPArchivedUIImageView.m in Sources */,
				1AD2FBB417DFF52E00439D0D /* UIImage.m in Sources */,
				1AD2FBAE17DFF1EB00439D0D /* SUPAppController.m in Sources */,
				1AD2FB8C17DFE81400439D0D /* SUPAppDelegate.m in Sources */,
			);
			runOnlyForDeploymentPostprocessing = 0;
		};
		1AD2FB9217DFE81400439D0D /* Sources */ = {
			isa = PBXSourcesBuildPhase;
			buildActionMask = 2147483647;
			files = (
				1AD2FBA317DFE81400439D0D /* ArchivedUIImageViewerTests.m in Sources */,
			);
			runOnlyForDeploymentPostprocessing = 0;
		};
/* End PBXSourcesBuildPhase section */

/* Begin PBXTargetDependency section */
		1AD2FB9B17DFE81400439D0D /* PBXTargetDependency */ = {
			isa = PBXTargetDependency;
			target = 1AD2FB7417DFE81400439D0D /* ArchivedUIImageViewer */;
			targetProxy = 1AD2FB9A17DFE81400439D0D /* PBXContainerItemProxy */;
		};
/* End PBXTargetDependency section */

/* Begin PBXVariantGroup section */
		1AD2FB8117DFE81400439D0D /* InfoPlist.strings */ = {
			isa = PBXVariantGroup;
			children = (
				1AD2FB8217DFE81400439D0D /* en */,
			);
			name = InfoPlist.strings;
			sourceTree = "<group>";
		};
		1AD2FB8717DFE81400439D0D /* Credits.rtf */ = {
			isa = PBXVariantGroup;
			children = (
				1AD2FB8817DFE81400439D0D /* en */,
			);
			name = Credits.rtf;
			sourceTree = "<group>";
		};
		1AD2FB8D17DFE81400439D0D /* MainMenu.xib */ = {
			isa = PBXVariantGroup;
			children = (
				1AD2FB8E17DFE81400439D0D /* Base */,
			);
			name = MainMenu.xib;
			sourceTree = "<group>";
		};
		1AD2FB9F17DFE81400439D0D /* InfoPlist.strings */ = {
			isa = PBXVariantGroup;
			children = (
				1AD2FBA017DFE81400439D0D /* en */,
			);
			name = InfoPlist.strings;
			sourceTree = "<group>";
		};
/* End PBXVariantGroup section */

/* Begin XCBuildConfiguration section */
		1AD2FBA417DFE81400439D0D /* Debug */ = {
			isa = XCBuildConfiguration;
			buildSettings = {
				ALWAYS_SEARCH_USER_PATHS = NO;
				CLANG_CXX_LANGUAGE_STANDARD = "gnu++0x";
				CLANG_CXX_LIBRARY = "libc++";
				CLANG_ENABLE_OBJC_ARC = YES;
				CLANG_WARN_BOOL_CONVERSION = YES;
				CLANG_WARN_CONSTANT_CONVERSION = YES;
				CLANG_WARN_DIRECT_OBJC_ISA_USAGE = YES_ERROR;
				CLANG_WARN_EMPTY_BODY = YES;
				CLANG_WARN_ENUM_CONVERSION = YES;
				CLANG_WARN_INT_CONVERSION = YES;
				CLANG_WARN_OBJC_ROOT_CLASS = YES_ERROR;
				CLANG_WARN__DUPLICATE_METHOD_MATCH = YES;
				COPY_PHASE_STRIP = NO;
				GCC_C_LANGUAGE_STANDARD = gnu99;
				GCC_DYNAMIC_NO_PIC = NO;
				GCC_ENABLE_OBJC_EXCEPTIONS = YES;
				GCC_OPTIMIZATION_LEVEL = 0;
				GCC_PREPROCESSOR_DEFINITIONS = (
					"DEBUG=1",
					"$(inherited)",
				);
				GCC_SYMBOLS_PRIVATE_EXTERN = NO;
				GCC_WARN_64_TO_32_BIT_CONVERSION = YES;
				GCC_WARN_ABOUT_RETURN_TYPE = YES_ERROR;
				GCC_WARN_UNDECLARED_SELECTOR = YES;
				GCC_WARN_UNINITIALIZED_AUTOS = YES;
				GCC_WARN_UNUSED_FUNCTION = YES;
				GCC_WARN_UNUSED_VARIABLE = YES;
				MACOSX_DEPLOYMENT_TARGET = 10.9;
				ONLY_ACTIVE_ARCH = YES;
				SDKROOT = macosx;
			};
			name = Debug;
		};
		1AD2FBA517DFE81400439D0D /* Release */ = {
			isa = XCBuildConfiguration;
			buildSettings = {
				ALWAYS_SEARCH_USER_PATHS = NO;
				CLANG_CXX_LANGUAGE_STANDARD = "gnu++0x";
				CLANG_CXX_LIBRARY = "libc++";
				CLANG_ENABLE_OBJC_ARC = YES;
				CLANG_WARN_BOOL_CONVERSION = YES;
				CLANG_WARN_CONSTANT_CONVERSION = YES;
				CLANG_WARN_DIRECT_OBJC_ISA_USAGE = YES_ERROR;
				CLANG_WARN_EMPTY_BODY = YES;
				CLANG_WARN_ENUM_CONVERSION = YES;
				CLANG_WARN_INT_CONVERSION = YES;
				CLANG_WARN_OBJC_ROOT_CLASS = YES_ERROR;
				CLANG_WARN__DUPLICATE_METHOD_MATCH = YES;
				COPY_PHASE_STRIP = YES;
				DEBUG_INFORMATION_FORMAT = "dwarf-with-dsym";
				ENABLE_NS_ASSERTIONS = NO;
				GCC_C_LANGUAGE_STANDARD = gnu99;
				GCC_ENABLE_OBJC_EXCEPTIONS = YES;
				GCC_WARN_64_TO_32_BIT_CONVERSION = YES;
				GCC_WARN_ABOUT_RETURN_TYPE = YES_ERROR;
				GCC_WARN_UNDECLARED_SELECTOR = YES;
				GCC_WARN_UNINITIALIZED_AUTOS = YES;
				GCC_WARN_UNUSED_FUNCTION = YES;
				GCC_WARN_UNUSED_VARIABLE = YES;
				MACOSX_DEPLOYMENT_TARGET = 10.9;
				SDKROOT = macosx;
			};
			name = Release;
		};
		1AD2FBA717DFE81400439D0D /* Debug */ = {
			isa = XCBuildConfiguration;
			buildSettings = {
				ASSETCATALOG_COMPILER_APPICON_NAME = AppIcon;
				COMBINE_HIDPI_IMAGES = YES;
				GCC_PRECOMPILE_PREFIX_HEADER = YES;
				GCC_PREFIX_HEADER = "ArchivedUIImageViewer/ArchivedUIImageViewer-Prefix.pch";
				INFOPLIST_FILE = "ArchivedUIImageViewer/ArchivedUIImageViewer-Info.plist";
				MACOSX_DEPLOYMENT_TARGET = 10.8;
				PRODUCT_NAME = "$(TARGET_NAME)";
				WRAPPER_EXTENSION = app;
			};
			name = Debug;
		};
		1AD2FBA817DFE81400439D0D /* Release */ = {
			isa = XCBuildConfiguration;
			buildSettings = {
				ASSETCATALOG_COMPILER_APPICON_NAME = AppIcon;
				COMBINE_HIDPI_IMAGES = YES;
				GCC_PRECOMPILE_PREFIX_HEADER = YES;
				GCC_PREFIX_HEADER = "ArchivedUIImageViewer/ArchivedUIImageViewer-Prefix.pch";
				INFOPLIST_FILE = "ArchivedUIImageViewer/ArchivedUIImageViewer-Info.plist";
				MACOSX_DEPLOYMENT_TARGET = 10.8;
				PRODUCT_NAME = "$(TARGET_NAME)";
				WRAPPER_EXTENSION = app;
			};
			name = Release;
		};
		1AD2FBAA17DFE81400439D0D /* Debug */ = {
			isa = XCBuildConfiguration;
			buildSettings = {
				BUNDLE_LOADER = "$(BUILT_PRODUCTS_DIR)/ArchivedUIImageViewer.app/Contents/MacOS/ArchivedUIImageViewer";
				COMBINE_HIDPI_IMAGES = YES;
				FRAMEWORK_SEARCH_PATHS = (
					"$(DEVELOPER_FRAMEWORKS_DIR)",
					"$(inherited)",
				);
				GCC_PRECOMPILE_PREFIX_HEADER = YES;
				GCC_PREFIX_HEADER = "ArchivedUIImageViewer/ArchivedUIImageViewer-Prefix.pch";
				GCC_PREPROCESSOR_DEFINITIONS = (
					"DEBUG=1",
					"$(inherited)",
				);
				INFOPLIST_FILE = "ArchivedUIImageViewerTests/ArchivedUIImageViewerTests-Info.plist";
				MACOSX_DEPLOYMENT_TARGET = 10.8;
				PRODUCT_NAME = "$(TARGET_NAME)";
				TEST_HOST = "$(BUNDLE_LOADER)";
				WRAPPER_EXTENSION = xctest;
			};
			name = Debug;
		};
		1AD2FBAB17DFE81400439D0D /* Release */ = {
			isa = XCBuildConfiguration;
			buildSettings = {
				BUNDLE_LOADER = "$(BUILT_PRODUCTS_DIR)/ArchivedUIImageViewer.app/Contents/MacOS/ArchivedUIImageViewer";
				COMBINE_HIDPI_IMAGES = YES;
				FRAMEWORK_SEARCH_PATHS = (
					"$(DEVELOPER_FRAMEWORKS_DIR)",
					"$(inherited)",
				);
				GCC_PRECOMPILE_PREFIX_HEADER = YES;
				GCC_PREFIX_HEADER = "ArchivedUIImageViewer/ArchivedUIImageViewer-Prefix.pch";
				INFOPLIST_FILE = "ArchivedUIImageViewerTests/ArchivedUIImageViewerTests-Info.plist";
				MACOSX_DEPLOYMENT_TARGET = 10.8;
				PRODUCT_NAME = "$(TARGET_NAME)";
				TEST_HOST = "$(BUNDLE_LOADER)";
				WRAPPER_EXTENSION = xctest;
			};
			name = Release;
		};
/* End XCBuildConfiguration section */

/* Begin XCConfigurationList section */
		1AD2FB7017DFE81400439D0D /* Build configuration list for PBXProject "ArchivedUIImageViewer" */ = {
			isa = XCConfigurationList;
			buildConfigurations = (
				1AD2FBA417DFE81400439D0D /* Debug */,
				1AD2FBA517DFE81400439D0D /* Release */,
			);
			defaultConfigurationIsVisible = 0;
			defaultConfigurationName = Release;
		};
		1AD2FBA617DFE81400439D0D /* Build configuration list for PBXNativeTarget "ArchivedUIImageViewer" */ = {
			isa = XCConfigurationList;
			buildConfigurations = (
				1AD2FBA717DFE81400439D0D /* Debug */,
				1AD2FBA817DFE81400439D0D /* Release */,
			);
			defaultConfigurationIsVisible = 0;
		};
		1AD2FBA917DFE81400439D0D /* Build configuration list for PBXNativeTarget "ArchivedUIImageViewerTests" */ = {
			isa = XCConfigurationList;
			buildConfigurations = (
				1AD2FBAA17DFE81400439D0D /* Debug */,
				1AD2FBAB17DFE81400439D0D /* Release */,
			);
			defaultConfigurationIsVisible = 0;
		};
/* End XCConfigurationList section */
	};
	rootObject = 1AD2FB6D17DFE81400439D0D /* Project object */;
}
